<?xml version="1.0" encoding="utf-8"?>
<Project ToolsVersion="4.0" xmlns="http://schemas.microsoft.com/developer/msbuild/2003">
  <ItemGroup>
    <Filter Include="dataset">
      <UniqueIdentifier>{5e7a3103-1f09-4893-8659-bd70fb7f84ee}</UniqueIdentifier>
    </Filter>
    <Filter Include="tools">
      <UniqueIdentifier>{89738eda-e65a-4d24-93dc-4e78cd1d6fc6}</UniqueIdentifier>
    </Filter>
    <Filter Include="dataset\task">
      <UniqueIdentifier>{42d22f01-6c38-41dc-b723-305ffb9d7627}</UniqueIdentifier>
    </Filter>
    <Filter Include="tools\rtti">
      <UniqueIdentifier>{a7f457f9-aa59-4b31-9be8-df57c725a080}</UniqueIdentifier>
    </Filter>
    <Filter Include="dataset\param">
      <UniqueIdentifier>{f9f5c63a-1f64-48ee-b386-238c7ed63479}</UniqueIdentifier>
    </Filter>
    <Filter Include="tasks">
      <UniqueIdentifier>{417610eb-8303-492a-9170-bc7d729b5218}</UniqueIdentifier>
    </Filter>
    <Filter Include="tasks\image">
      <UniqueIdentifier>{8239b50a-7b71-4085-8550-4ca4857c4a55}</UniqueIdentifier>
    </Filter>
    <Filter Include="tasks\file">
      <UniqueIdentifier>{a5aadb1e-c475-439e-be07-70cdaa0014f6}</UniqueIdentifier>
    </Filter>
    <Filter Include="tasks\tools">
      <UniqueIdentifier>{fa830fb5-9084-4027-9f52-c269abdd6405}</UniqueIdentifier>
    </Filter>
    <Filter Include="tasks\io">
      <UniqueIdentifier>{35d84ba7-a169-4f82-a1e0-299b559847cb}</UniqueIdentifier>
    </Filter>
  </ItemGroup>
  <ItemGroup>
    <ClInclude Include="..\..\..\include\taskgraph\TaskGraph.h" />
    <ClInclude Include="..\..\..\include\taskgraph\typedef.h" />
    <ClInclude Include="..\..\..\include\taskgraph\Task.h">
      <Filter>dataset\task</Filter>
    </ClInclude>
    <ClInclude Include="..\..\..\include\taskgraph\task_include_gen.h">
      <Filter>tools\rtti</Filter>
    </ClInclude>
    <ClInclude Include="..\..\..\include\taskgraph\task_regist_cfg.h">
      <Filter>tools\rtti</Filter>
    </ClInclude>
    <ClInclude Include="..\..\..\include\taskgraph\task_rttr_gen.h">
      <Filter>tools\rtti</Filter>
    </ClInclude>
    <ClInclude Include="..\..\..\include\taskgraph\Param.h">
      <Filter>dataset\param</Filter>
    </ClInclude>
    <ClInclude Include="..\..\..\include\taskgraph\ParamType.h">
      <Filter>dataset\param</Filter>
    </ClInclude>
    <ClInclude Include="..\..\..\include\taskgraph\ParamImpl.h">
      <Filter>dataset\param</Filter>
    </ClInclude>
    <ClInclude Include="..\..\..\include\taskgraph\TaskHelper.h">
      <Filter>tools</Filter>
    </ClInclude>
    <ClInclude Include="..\..\..\include\taskgraph\task\Mipmap.h">
      <Filter>tasks\image</Filter>
    </ClInclude>
    <ClInclude Include="..\..\..\include\taskgraph\task\Mipmap.parm.h">
      <Filter>tasks\image</Filter>
    </ClInclude>
    <ClInclude Include="..\..\..\include\taskgraph\task\SplitImage.h">
      <Filter>tasks\image</Filter>
    </ClInclude>
    <ClInclude Include="..\..\..\include\taskgraph\task\SplitImage.parm.h">
      <Filter>tasks\image</Filter>
    </ClInclude>
    <ClInclude Include="..\..\..\include\taskgraph\task\CropImage.h">
      <Filter>tasks\image</Filter>
    </ClInclude>
    <ClInclude Include="..\..\..\include\taskgraph\task\CropImage.parm.h">
      <Filter>tasks\image</Filter>
    </ClInclude>
    <ClInclude Include="..\..\..\include\taskgraph\task\FileRemove.h">
      <Filter>tasks\file</Filter>
    </ClInclude>
    <ClInclude Include="..\..\..\include\taskgraph\task\FileRemove.parm.h">
      <Filter>tasks\file</Filter>
    </ClInclude>
    <ClInclude Include="..\..\..\include\taskgraph\task\Group.h">
      <Filter>tasks\tools</Filter>
    </ClInclude>
    <ClInclude Include="..\..\..\include\taskgraph\task\Group.parm.h">
      <Filter>tasks\tools</Filter>
    </ClInclude>
    <ClInclude Include="..\..\..\include\taskgraph\task\MakeDirectory.h">
      <Filter>tasks\file</Filter>
    </ClInclude>
    <ClInclude Include="..\..\..\include\taskgraph\task\MakeDirectory.parm.h">
      <Filter>tasks\file</Filter>
    </ClInclude>
    <ClInclude Include="..\..\..\include\taskgraph\task\ReadImage.h">
      <Filter>tasks\io</Filter>
    </ClInclude>
    <ClInclude Include="..\..\..\include\taskgraph\task\ReadImage.parm.h">
      <Filter>tasks\io</Filter>
    </ClInclude>
    <ClInclude Include="..\..\..\include\taskgraph\task\WriteImage.h">
      <Filter>tasks\io</Filter>
    </ClInclude>
    <ClInclude Include="..\..\..\include\taskgraph\task\WriteImage.parm.h">
      <Filter>tasks\io</Filter>
    </ClInclude>
    <ClInclude Include="..\..\..\include\taskgraph\task\BuildVTex.h">
      <Filter>tasks\io</Filter>
    </ClInclude>
    <ClInclude Include="..\..\..\include\taskgraph\task\BuildVTex.parm.h">
      <Filter>tasks\io</Filter>
    </ClInclude>
  </ItemGroup>
  <ItemGroup>
    <ClCompile Include="..\..\..\source\TaskGraph.cpp" />
    <ClCompile Include="..\..\..\source\Task.cpp">
      <Filter>dataset\task</Filter>
    </ClCompile>
    <ClCompile Include="..\..\..\source\RegistRTTR.cpp">
      <Filter>tools\rtti</Filter>
    </ClCompile>
    <ClCompile Include="..\..\..\source\TaskHelper.cpp">
      <Filter>tools</Filter>
    </ClCompile>
    <ClCompile Include="..\..\..\source\task\Mipmap.cpp">
      <Filter>tasks\image</Filter>
    </ClCompile>
    <ClCompile Include="..\..\..\source\task\ParamImpl.cpp">
      <Filter>dataset\param</Filter>
    </ClCompile>
    <ClCompile Include="..\..\..\source\task\SplitImage.cpp">
      <Filter>tasks\image</Filter>
    </ClCompile>
    <ClCompile Include="..\..\..\source\task\CropImage.cpp">
      <Filter>tasks\image</Filter>
    </ClCompile>
    <ClCompile Include="..\..\..\source\task\FileRemove.cpp">
      <Filter>tasks\file</Filter>
    </ClCompile>
    <ClCompile Include="..\..\..\source\task\Group.cpp">
      <Filter>tasks\tools</Filter>
    </ClCompile>
    <ClCompile Include="..\..\..\source\task\MakeDirectory.cpp">
      <Filter>tasks\file</Filter>
    </ClCompile>
    <ClCompile Include="..\..\..\source\task\ReadImage.cpp">
      <Filter>tasks\io</Filter>
    </ClCompile>
    <ClCompile Include="..\..\..\source\task\WriteImage.cpp">
      <Filter>tasks\io</Filter>
    </ClCompile>
    <ClCompile Include="..\..\..\source\task\BuildVTex.cpp">
      <Filter>tasks\io</Filter>
    </ClCompile>
  </ItemGroup>
</Project>